
Microsoft Visual Studio Solution File, Format Version 12.00
# Visual Studio 2012
Project("{FAE04EC0-301F-11D3-BF4B-00C04F79EFBC}") = "DiscoRoboOfficial", "DiscoRoboOfficial\DiscoRoboOfficial.csproj", "{234669A4-E9B2-4838-AE71-B37AC6876DB2}"
EndProject
Global
	GlobalSection(SolutionConfigurationPlatforms) = preSolution
		Debug|Any CPU = Debug|Any CPU
		Release|Any CPU = Release|Any CPU
	EndGlobalSection
	GlobalSection(ProjectConfigurationPlatforms) = postSolution
		{234669A4-E9B2-4838-AE71-B37AC6876DB2}.Debug|Any CPU.ActiveCfg = Debug|Any CPU
		{234669A4-E9B2-4838-AE71-B37AC6876DB2}.Debug|Any CPU.Build.0 = Debug|Any CPU
		{234669A4-E9B2-4838-AE71-B37AC6876DB2}.Debug|Any CPU.Deploy.0 = Debug|Any CPU
		{234669A4-E9B2-4838-AE71-B37AC6876DB2}.Release|Any CPU.ActiveCfg = Release|Any CPU
		{234669A4-E9B2-4838-AE71-B37AC6876DB2}.Release|Any CPU.Build.0 = Release|Any CPU
		{234669A4-E9B2-4838-AE71-B37AC6876DB2}.Release|Any CPU.Deploy.0 = Release|Any CPU
	EndGlobalSection
	GlobalSection(SolutionProperties) = preSolution
		HideSolutionNode = FALSE
	EndGlobalSection
EndGlobal
